
Microsoft Visual Studio Solution File, Format Version 12.00
# Visual Studio Version 17
VisualStudioVersion = 17.1.32414.318
MinimumVisualStudioVersion = 10.0.40219.1
Project("{9A19103F-16F7-4668-BE54-9A1E7A4F7556}") = "ProductionManagement.Web", "ProductionManagement.Web\ProductionManagement.Web.csproj", "{6B3DF0CD-F671-42DA-BDFD-AF7115A1BCD9}"
EndProject
Project("{9A19103F-16F7-4668-BE54-9A1E7A4F7556}") = "ProductionManagement.Model", "ProductionManagement.Model\ProductionManagement.Model.csproj", "{A0A13C7C-07E1-45E6-911B-3E87728DB335}"
EndProject
Project("{9A19103F-16F7-4668-BE54-9A1E7A4F7556}") = "ProductionManagement.DbMigrator", "ProductionManagement.DbMigrator\ProductionManagement.DbMigrator.csproj", "{A3865E62-E0D8-4C1C-8C94-A904E2FE2832}"
EndProject
Project("{9A19103F-16F7-4668-BE54-9A1E7A4F7556}") = "ProductionManagement.Common", "ProductionManagement.Common\ProductionManagement.Common.csproj", "{570D494C-37E3-41AB-94B6-775301C142A2}"
EndProject
Project("{9A19103F-16F7-4668-BE54-9A1E7A4F7556}") = "ProductionManagement.Tests", "ProductionManagement.Tests\ProductionManagement.Tests.csproj", "{AD360AF5-2AC6-4FE4-A76C-8F8116932DBB}"
EndProject
Project("{9A19103F-16F7-4668-BE54-9A1E7A4F7556}") = "ProductionManagement.WebUI", "ProductionManagement.WebUI\ProductionManagement.WebUI.csproj", "{F9ADF580-7246-4DF6-AC8B-FCF5DB7232EB}"
EndProject
Project("{FAE04EC0-301F-11D3-BF4B-00C04F79EFBC}") = "ProductionManagement.Services", "ProductionManagement.Services\ProductionManagement.Services.csproj", "{48814447-5332-4A44-B2AF-926415C3B1FF}"
EndProject
Global
	GlobalSection(SolutionConfigurationPlatforms) = preSolution
		Debug|Any CPU = Debug|Any CPU
		Release|Any CPU = Release|Any CPU
	EndGlobalSection
	GlobalSection(ProjectConfigurationPlatforms) = postSolution
		{6B3DF0CD-F671-42DA-BDFD-AF7115A1BCD9}.Debug|Any CPU.ActiveCfg = Debug|Any CPU
		{6B3DF0CD-F671-42DA-BDFD-AF7115A1BCD9}.Debug|Any CPU.Build.0 = Debug|Any CPU
		{6B3DF0CD-F671-42DA-BDFD-AF7115A1BCD9}.Release|Any CPU.ActiveCfg = Release|Any CPU
		{6B3DF0CD-F671-42DA-BDFD-AF7115A1BCD9}.Release|Any CPU.Build.0 = Release|Any CPU
		{A0A13C7C-07E1-45E6-911B-3E87728DB335}.Debug|Any CPU.ActiveCfg = Debug|Any CPU
		{A0A13C7C-07E1-45E6-911B-3E87728DB335}.Debug|Any CPU.Build.0 = Debug|Any CPU
		{A0A13C7C-07E1-45E6-911B-3E87728DB335}.Release|Any CPU.ActiveCfg = Release|Any CPU
		{A0A13C7C-07E1-45E6-911B-3E87728DB335}.Release|Any CPU.Build.0 = Release|Any CPU
		{A3865E62-E0D8-4C1C-8C94-A904E2FE2832}.Debug|Any CPU.ActiveCfg = Debug|Any CPU
		{A3865E62-E0D8-4C1C-8C94-A904E2FE2832}.Debug|Any CPU.Build.0 = Debug|Any CPU
		{A3865E62-E0D8-4C1C-8C94-A904E2FE2832}.Release|Any CPU.ActiveCfg = Release|Any CPU
		{A3865E62-E0D8-4C1C-8C94-A904E2FE2832}.Release|Any CPU.Build.0 = Release|Any CPU
		{570D494C-37E3-41AB-94B6-775301C142A2}.Debug|Any CPU.ActiveCfg = Debug|Any CPU
		{570D494C-37E3-41AB-94B6-775301C142A2}.Debug|Any CPU.Build.0 = Debug|Any CPU
		{570D494C-37E3-41AB-94B6-775301C142A2}.Release|Any CPU.ActiveCfg = Release|Any CPU
		{570D494C-37E3-41AB-94B6-775301C142A2}.Release|Any CPU.Build.0 = Release|Any CPU
		{AD360AF5-2AC6-4FE4-A76C-8F8116932DBB}.Debug|Any CPU.ActiveCfg = Debug|Any CPU
		{AD360AF5-2AC6-4FE4-A76C-8F8116932DBB}.Debug|Any CPU.Build.0 = Debug|Any CPU
		{AD360AF5-2AC6-4FE4-A76C-8F8116932DBB}.Release|Any CPU.ActiveCfg = Release|Any CPU
		{AD360AF5-2AC6-4FE4-A76C-8F8116932DBB}.Release|Any CPU.Build.0 = Release|Any CPU
		{F9ADF580-7246-4DF6-AC8B-FCF5DB7232EB}.Debug|Any CPU.ActiveCfg = Debug|Any CPU
		{F9ADF580-7246-4DF6-AC8B-FCF5DB7232EB}.Debug|Any CPU.Build.0 = Debug|Any CPU
		{F9ADF580-7246-4DF6-AC8B-FCF5DB7232EB}.Release|Any CPU.ActiveCfg = Release|Any CPU
		{F9ADF580-7246-4DF6-AC8B-FCF5DB7232EB}.Release|Any CPU.Build.0 = Release|Any CPU
		{48814447-5332-4A44-B2AF-926415C3B1FF}.Debug|Any CPU.ActiveCfg = Debug|Any CPU
		{48814447-5332-4A44-B2AF-926415C3B1FF}.Debug|Any CPU.Build.0 = Debug|Any CPU
		{48814447-5332-4A44-B2AF-926415C3B1FF}.Release|Any CPU.ActiveCfg = Release|Any CPU
		{48814447-5332-4A44-B2AF-926415C3B1FF}.Release|Any CPU.Build.0 = Release|Any CPU
	EndGlobalSection
	GlobalSection(SolutionProperties) = preSolution
		HideSolutionNode = FALSE
	EndGlobalSection
	GlobalSection(ExtensibilityGlobals) = postSolution
		SolutionGuid = {A53EDF7B-F1F5-4417-B3FD-15728C44DE6A}
	EndGlobalSection
EndGlobal
