
Microsoft Visual Studio Solution File, Format Version 12.00
# Visual Studio Version 17
VisualStudioVersion = 17.1.32414.318
MinimumVisualStudioVersion = 10.0.40219.1
Project("{FAE04EC0-301F-11D3-BF4B-00C04F79EFBC}") = "ProductionManagement", "ProductionManagement\ProductionManagement.csproj", "{3848D265-16B5-4CEE-B961-DB2B55DA56C5}"
EndProject
Global
	GlobalSection(SolutionConfigurationPlatforms) = preSolution
		Debug|Any CPU = Debug|Any CPU
		Release|Any CPU = Release|Any CPU
	EndGlobalSection
	GlobalSection(ProjectConfigurationPlatforms) = postSolution
		{3848D265-16B5-4CEE-B961-DB2B55DA56C5}.Debug|Any CPU.ActiveCfg = Debug|Any CPU
		{3848D265-16B5-4CEE-B961-DB2B55DA56C5}.Debug|Any CPU.Build.0 = Debug|Any CPU
		{3848D265-16B5-4CEE-B961-DB2B55DA56C5}.Release|Any CPU.ActiveCfg = Release|Any CPU
		{3848D265-16B5-4CEE-B961-DB2B55DA56C5}.Release|Any CPU.Build.0 = Release|Any CPU
	EndGlobalSection
	GlobalSection(SolutionProperties) = preSolution
		HideSolutionNode = FALSE
	EndGlobalSection
	GlobalSection(ExtensibilityGlobals) = postSolution
		SolutionGuid = {A53EDF7B-F1F5-4417-B3FD-15728C44DE6A}
	EndGlobalSection
EndGlobal
